{
  "name": "yield-trinty",
  "lockfileVersion": 3,
  "requires": true,
  "packages": {
    "": {
      "dependencies": {
        "@openzeppelin/contracts": "^4.8.2",
        "@sushiswap/core": "^1.4.2",
        "@uniswap/v2-periphery": "^1.1.0-beta.0",
        "dotenv": "^16.0.3"
      }
    },
    "node_modules/@openzeppelin/contracts": {
      "version": "4.8.2",
      "resolved": "https://registry.npmjs.org/@openzeppelin/contracts/-/contracts-4.8.2.tgz",
      "integrity": "sha512-kEUOgPQszC0fSYWpbh2kT94ltOJwj1qfT2DWo+zVttmGmf97JZ99LspePNaeeaLhCImaHVeBbjaQFZQn7+Zc5g=="
    },
    "node_modules/@sushiswap/core": {
      "version": "1.4.2",
      "resolved": "https://registry.npmjs.org/@sushiswap/core/-/core-1.4.2.tgz",
      "integrity": "sha512-Khd2i6Bob9uk7dCgVkhUioEoxRP28m6aj25MegAHvnJyxZPVzZDhxSkeL6wdv5MeAp2DwHkYqUq03KDfVTTP4Q=="
    },
    "node_modules/@uniswap/lib": {
      "version": "1.1.1",
      "resolved": "https://registry.npmjs.org/@uniswap/lib/-/lib-1.1.1.tgz",
      "integrity": "sha512-2yK7sLpKIT91TiS5sewHtOa7YuM8IuBXVl4GZv2jZFys4D2sY7K5vZh6MqD25TPA95Od+0YzCVq6cTF2IKrOmg==",
      "engines": {
        "node": ">=10"
      }
    },
    "node_modules/@uniswap/v2-core": {
      "version": "1.0.0",
      "resolved": "https://registry.npmjs.org/@uniswap/v2-core/-/v2-core-1.0.0.tgz",
      "integrity": "sha512-BJiXrBGnN8mti7saW49MXwxDBRFiWemGetE58q8zgfnPPzQKq55ADltEILqOt6VFZ22kVeVKbF8gVd8aY3l7pA==",
      "engines": {
        "node": ">=10"
      }
    },
    "node_modules/@uniswap/v2-periphery": {
      "version": "1.1.0-beta.0",
      "resolved": "https://registry.npmjs.org/@uniswap/v2-periphery/-/v2-periphery-1.1.0-beta.0.tgz",
      "integrity": "sha512-6dkwAMKza8nzqYiXEr2D86dgW3TTavUvCR0w2Tu33bAbM8Ah43LKAzH7oKKPRT5VJQaMi1jtkGs1E8JPor1n5g==",
      "dependencies": {
        "@uniswap/lib": "1.1.1",
        "@uniswap/v2-core": "1.0.0"
      },
      "engines": {
        "node": ">=10"
      }
    },
    "node_modules/dotenv": {
      "version": "16.0.3",
      "resolved": "https://registry.npmjs.org/dotenv/-/dotenv-16.0.3.tgz",
      "integrity": "sha512-7GO6HghkA5fYG9TYnNxi14/7K9f5occMlp3zXAuSxn7CKCxt9xbNWG7yF8hTCSUchlfWSe3uLmlPfigevRItzQ==",
      "engines": {
        "node": ">=12"
      }
    }
  }
}
